
Microsoft Visual Studio Solution File, Format Version 12.00
# Visual Studio Version 17
VisualStudioVersion = 17.14.37502.11 d17.14
MinimumVisualStudioVersion = 10.0.40219.1
Project("{FAE04EC0-301F-11D3-BF4B-00C04F79EFBC}") = "ShoppingCart.API", "ShoppingCart.API\ShoppingCart.API.csproj", "{7067B649-46E5-41B1-A3B8-E34035E5922F}"
EndProject
Project("{FAE04EC0-301F-11D3-BF4B-00C04F79EFBC}") = "ShoppingCart.DataAccess", "ShoppingCart.DataAccess\ShoppingCart.DataAccess.csproj", "{71788F28-B04F-4814-8B30-66E972FE3D69}"
EndProject
Project("{FAE04EC0-301F-11D3-BF4B-00C04F79EFBC}") = "ShoppingCart.Utility", "ShoppingCart.Utility\ShoppingCart.Utility.csproj", "{4AC5A828-036F-434A-974D-33DB236488D5}"
EndProject
Global
	GlobalSection(SolutionConfigurationPlatforms) = preSolution
		Debug|Any CPU = Debug|Any CPU
		Release|Any CPU = Release|Any CPU
	EndGlobalSection
	GlobalSection(ProjectConfigurationPlatforms) = postSolution
		{7067B649-46E5-41B1-A3B8-E34035E5922F}.Debug|Any CPU.ActiveCfg = Debug|Any CPU
		{7067B649-46E5-41B1-A3B8-E34035E5922F}.Debug|Any CPU.Build.0 = Debug|Any CPU
		{7067B649-46E5-41B1-A3B8-E34035E5922F}.Release|Any CPU.ActiveCfg = Release|Any CPU
		{7067B649-46E5-41B1-A3B8-E34035E5922F}.Release|Any CPU.Build.0 = Release|Any CPU
		{71788F28-B04F-4814-8B30-66E972FE3D69}.Debug|Any CPU.ActiveCfg = Debug|Any CPU
		{71788F28-B04F-4814-8B30-66E972FE3D69}.Debug|Any CPU.Build.0 = Debug|Any CPU
		{71788F28-B04F-4814-8B30-66E972FE3D69}.Release|Any CPU.ActiveCfg = Release|Any CPU
		{71788F28-B04F-4814-8B30-66E972FE3D69}.Release|Any CPU.Build.0 = Release|Any CPU
		{4AC5A828-036F-434A-974D-33DB236488D5}.Debug|Any CPU.ActiveCfg = Debug|Any CPU
		{4AC5A828-036F-434A-974D-33DB236488D5}.Debug|Any CPU.Build.0 = Debug|Any CPU
		{4AC5A828-036F-434A-974D-33DB236488D5}.Release|Any CPU.ActiveCfg = Release|Any CPU
		{4AC5A828-036F-434A-974D-33DB236488D5}.Release|Any CPU.Build.0 = Release|Any CPU
	EndGlobalSection
	GlobalSection(SolutionProperties) = preSolution
		HideSolutionNode = FALSE
	EndGlobalSection
	GlobalSection(ExtensibilityGlobals) = postSolution
		SolutionGuid = {82DA4A28-4C26-458A-83A4-982DB10E51D7}
	EndGlobalSection
EndGlobal
